
Microsoft Visual Studio Solution File, Format Version 12.00
# Visual Studio Version 17
VisualStudioVersion = 17.2.32602.215
MinimumVisualStudioVersion = 10.0.40219.1
Project("{FAE04EC0-301F-11D3-BF4B-00C04F79EFBC}") = "Telegram-Market-pro", "Telegram-Market-pro\Telegram-Market-pro.csproj", "{DBCFE860-D2BF-4614-8BA1-21DFF1EEF9C7}"
EndProject
Global
	GlobalSection(SolutionConfigurationPlatforms) = preSolution
		Debug|Any CPU = Debug|Any CPU
		Release|Any CPU = Release|Any CPU
	EndGlobalSection
	GlobalSection(ProjectConfigurationPlatforms) = postSolution
		{DBCFE860-D2BF-4614-8BA1-21DFF1EEF9C7}.Debug|Any CPU.ActiveCfg = Debug|Any CPU
		{DBCFE860-D2BF-4614-8BA1-21DFF1EEF9C7}.Debug|Any CPU.Build.0 = Debug|Any CPU
		{DBCFE860-D2BF-4614-8BA1-21DFF1EEF9C7}.Release|Any CPU.ActiveCfg = Release|Any CPU
		{DBCFE860-D2BF-4614-8BA1-21DFF1EEF9C7}.Release|Any CPU.Build.0 = Release|Any CPU
	EndGlobalSection
	GlobalSection(SolutionProperties) = preSolution
		HideSolutionNode = FALSE
	EndGlobalSection
	GlobalSection(ExtensibilityGlobals) = postSolution
		SolutionGuid = {10189FB3-4F80-4CAE-A34E-DF72689DF51B}
	EndGlobalSection
EndGlobal
